
Microsoft Visual Studio Solution File, Format Version 12.00
# Visual Studio Version 16
VisualStudioVersion = 16.0.29613.14
MinimumVisualStudioVersion = 10.0.40219.1
Project("{9A19103F-16F7-4668-BE54-9A1E7A4F7556}") = "wiki2html", "wiki2html.csproj", "{BFE291AC-4CCF-4802-9D38-723098247E3A}"
EndProject
Global
	GlobalSection(SolutionConfigurationPlatforms) = preSolution
		Debug|Any CPU = Debug|Any CPU
		Release|Any CPU = Release|Any CPU
	EndGlobalSection
	GlobalSection(ProjectConfigurationPlatforms) = postSolution
		{BFE291AC-4CCF-4802-9D38-723098247E3A}.Debug|Any CPU.ActiveCfg = Debug|Any CPU
		{BFE291AC-4CCF-4802-9D38-723098247E3A}.Debug|Any CPU.Build.0 = Debug|Any CPU
		{BFE291AC-4CCF-4802-9D38-723098247E3A}.Release|Any CPU.ActiveCfg = Release|Any CPU
		{BFE291AC-4CCF-4802-9D38-723098247E3A}.Release|Any CPU.Build.0 = Release|Any CPU
	EndGlobalSection
	GlobalSection(SolutionProperties) = preSolution
		HideSolutionNode = FALSE
	EndGlobalSection
	GlobalSection(ExtensibilityGlobals) = postSolution
		SolutionGuid = {CA779E15-2E54-41ED-B963-DD4EEF1BCB31}
	EndGlobalSection
EndGlobal
